
Microsoft Visual Studio Solution File, Format Version 12.00
# Visual Studio Version 17
VisualStudioVersion = 17.4.33103.184
MinimumVisualStudioVersion = 10.0.40219.1
Project("{FAE04EC0-301F-11D3-BF4B-00C04F79EFBC}") = "DuGetHtml", "DuGetHtml\DuGetHtml.csproj", "{861E2FA4-3BBD-4E5A-AD95-1F217BE256D6}"
EndProject
Global
	GlobalSection(SolutionConfigurationPlatforms) = preSolution
		Debug|Any CPU = Debug|Any CPU
		Release|Any CPU = Release|Any CPU
	EndGlobalSection
	GlobalSection(ProjectConfigurationPlatforms) = postSolution
		{861E2FA4-3BBD-4E5A-AD95-1F217BE256D6}.Debug|Any CPU.ActiveCfg = Debug|Any CPU
		{861E2FA4-3BBD-4E5A-AD95-1F217BE256D6}.Debug|Any CPU.Build.0 = Debug|Any CPU
		{861E2FA4-3BBD-4E5A-AD95-1F217BE256D6}.Release|Any CPU.ActiveCfg = Release|Any CPU
		{861E2FA4-3BBD-4E5A-AD95-1F217BE256D6}.Release|Any CPU.Build.0 = Release|Any CPU
	EndGlobalSection
	GlobalSection(SolutionProperties) = preSolution
		HideSolutionNode = FALSE
	EndGlobalSection
	GlobalSection(ExtensibilityGlobals) = postSolution
		SolutionGuid = {7BFFD759-63C2-47FA-A613-C5F052E00F89}
	EndGlobalSection
EndGlobal
